
Microsoft Visual Studio Solution File, Format Version 12.00
# Visual Studio Version 16
VisualStudioVersion = 16.0.29519.181
MinimumVisualStudioVersion = 10.0.40219.1
Project("{FAE04EC0-301F-11D3-BF4B-00C04F79EFBC}") = "MultiCurrency.TestDriven", "MultiCurrency.TestDriven\MultiCurrency.TestDriven.csproj", "{C0523DE2-71B2-4DEF-AAAF-838A211D5A25}"
EndProject
Project("{FAE04EC0-301F-11D3-BF4B-00C04F79EFBC}") = "MultiCurrency.TestDriven.Tests", "MultiCurrency.TestDriven.Tests\MultiCurrency.TestDriven.Tests.csproj", "{760F5D7C-40D6-498E-9492-12E65186CCB9}"
EndProject
Global
	GlobalSection(SolutionConfigurationPlatforms) = preSolution
		Debug|Any CPU = Debug|Any CPU
		Release|Any CPU = Release|Any CPU
	EndGlobalSection
	GlobalSection(ProjectConfigurationPlatforms) = postSolution
		{C0523DE2-71B2-4DEF-AAAF-838A211D5A25}.Debug|Any CPU.ActiveCfg = Debug|Any CPU
		{C0523DE2-71B2-4DEF-AAAF-838A211D5A25}.Debug|Any CPU.Build.0 = Debug|Any CPU
		{C0523DE2-71B2-4DEF-AAAF-838A211D5A25}.Release|Any CPU.ActiveCfg = Release|Any CPU
		{C0523DE2-71B2-4DEF-AAAF-838A211D5A25}.Release|Any CPU.Build.0 = Release|Any CPU
		{760F5D7C-40D6-498E-9492-12E65186CCB9}.Debug|Any CPU.ActiveCfg = Debug|Any CPU
		{760F5D7C-40D6-498E-9492-12E65186CCB9}.Debug|Any CPU.Build.0 = Debug|Any CPU
		{760F5D7C-40D6-498E-9492-12E65186CCB9}.Release|Any CPU.ActiveCfg = Release|Any CPU
		{760F5D7C-40D6-498E-9492-12E65186CCB9}.Release|Any CPU.Build.0 = Release|Any CPU
	EndGlobalSection
	GlobalSection(SolutionProperties) = preSolution
		HideSolutionNode = FALSE
	EndGlobalSection
	GlobalSection(ExtensibilityGlobals) = postSolution
		SolutionGuid = {3C3B6C17-39E4-4D28-9856-9DD79A4E75E2}
	EndGlobalSection
EndGlobal
